
Microsoft Visual Studio Solution File, Format Version 12.00
# Visual Studio Version 16
VisualStudioVersion = 16.0.30204.135
MinimumVisualStudioVersion = 10.0.40219.1
Project("{FAE04EC0-301F-11D3-BF4B-00C04F79EFBC}") = "ListaEquipamentos", "ListaEquipamentos\ListaEquipamentos.csproj", "{B0EE7568-21DE-4271-9C2E-9065000DAE46}"
EndProject
Global
	GlobalSection(SolutionConfigurationPlatforms) = preSolution
		Debug|Any CPU = Debug|Any CPU
		Release|Any CPU = Release|Any CPU
	EndGlobalSection
	GlobalSection(ProjectConfigurationPlatforms) = postSolution
		{B0EE7568-21DE-4271-9C2E-9065000DAE46}.Debug|Any CPU.ActiveCfg = Debug|Any CPU
		{B0EE7568-21DE-4271-9C2E-9065000DAE46}.Debug|Any CPU.Build.0 = Debug|Any CPU
		{B0EE7568-21DE-4271-9C2E-9065000DAE46}.Release|Any CPU.ActiveCfg = Release|Any CPU
		{B0EE7568-21DE-4271-9C2E-9065000DAE46}.Release|Any CPU.Build.0 = Release|Any CPU
	EndGlobalSection
	GlobalSection(SolutionProperties) = preSolution
		HideSolutionNode = FALSE
	EndGlobalSection
	GlobalSection(ExtensibilityGlobals) = postSolution
		SolutionGuid = {FA6009D5-02B2-4FAA-9E64-1ED3E082676C}
	EndGlobalSection
EndGlobal
